{
  "lockfileVersion": 1,
  "configVersion": 0,
  "workspaces": {
    "": {
      "name": "lspd-test-proj",
      "dependencies": {
        "@typescript/native-preview": "7.0.0-dev.20251216.1",
        "oxlint": "1.33.0",
      },
    },
  },
  "packages": {
    "@oxlint/darwin-arm64": ["@oxlint/darwin-arm64@1.33.0", "", { "os": "darwin", "cpu": "arm64" }, "sha512-PmEQDLHAxiAdyttQ1ZWXd+5VpHLbHf3FTMJL9bg5TZamDnhNiW/v0Pamv3MTAdymnoDI3H8IVLAN/SAseV/adw=="],

    "@oxlint/darwin-x64": ["@oxlint/darwin-x64@1.33.0", "", { "os": "darwin", "cpu": "x64" }, "sha512-2R9aH3kR0X2M30z5agGikv3tfNTi8/uLhU5/tYktu33VGUXpbf0OLZSlD25UEuwOKAlf3RVtzV5oDyjoq93JuQ=="],

    "@oxlint/linux-arm64-gnu": ["@oxlint/linux-arm64-gnu@1.33.0", "", { "os": "linux", "cpu": "arm64" }, "sha512-yb/k8GaMDgnX2LyO6km33kKItZ/n573SlbiHBBFU2HmeU7tzEHL5jHkHQXXcysUkapmqHd7UsDhOZDqPmXaQRg=="],

    "@oxlint/linux-arm64-musl": ["@oxlint/linux-arm64-musl@1.33.0", "", { "os": "linux", "cpu": "arm64" }, "sha512-03pt9IO1C4ZfVOW6SQiOK26mzklAhLM3Kc79OXpX1kgZRlxk+rvFoMhlgCOzn7tEdrEgbePkBoxNnwDnJDFqJQ=="],

    "@oxlint/linux-x64-gnu": ["@oxlint/linux-x64-gnu@1.33.0", "", { "os": "linux", "cpu": "x64" }, "sha512-Z7ImLWM50FoVXzYvyxUQ+QwBkBfRyK4YdLEGonyAGMp7iT3DksonDaTK9ODnJ1qHyAyAZCvuqXD7AEDsDvzDbA=="],

    "@oxlint/linux-x64-musl": ["@oxlint/linux-x64-musl@1.33.0", "", { "os": "linux", "cpu": "x64" }, "sha512-idb55Uzu5kkqqpMiVUfI9nP7zOqPZinQKsIRQAIU40wILcf/ijvhNZKIu3ucDMmye0n6IWOaSnxIRL5W2fNoUQ=="],

    "@oxlint/win32-arm64": ["@oxlint/win32-arm64@1.33.0", "", { "os": "win32", "cpu": "arm64" }, "sha512-wKKFt7cubfrLelNzdmDsNSmtBrlSUe1fWus587+uSxDZdpFbQ7liU0gsUlCbcHvym0H1Tc2O3K3cnLrgQORLPQ=="],

    "@oxlint/win32-x64": ["@oxlint/win32-x64@1.33.0", "", { "os": "win32", "cpu": "x64" }, "sha512-ReyR8rNHjKNnO7dxGny9RCPELRAdhm3y780FNBcA07E1wvxSCkB+Mn5db0Pa5bRmxrsU/MTZ/aaBFa+ERXDdXw=="],

    "@typescript/native-preview": ["@typescript/native-preview@7.0.0-dev.20251216.1", "", { "optionalDependencies": { "@typescript/native-preview-darwin-arm64": "7.0.0-dev.20251216.1", "@typescript/native-preview-darwin-x64": "7.0.0-dev.20251216.1", "@typescript/native-preview-linux-arm": "7.0.0-dev.20251216.1", "@typescript/native-preview-linux-arm64": "7.0.0-dev.20251216.1", "@typescript/native-preview-linux-x64": "7.0.0-dev.20251216.1", "@typescript/native-preview-win32-arm64": "7.0.0-dev.20251216.1", "@typescript/native-preview-win32-x64": "7.0.0-dev.20251216.1" }, "bin": { "tsgo": "bin/tsgo.js" } }, "sha512-5BkDN1eXucR8r3YmskTClcrWRjDALqnXjRGcUYUPgrTBI3kh09B3L9uuDSSnGKWg0tfzPn8ESNBmMGgtRb+2yw=="],

    "@typescript/native-preview-darwin-arm64": ["@typescript/native-preview-darwin-arm64@7.0.0-dev.20251216.1", "", { "os": "darwin", "cpu": "arm64" }, "sha512-2hKNSD6mDwUnoGNHBMvo8M3GVjqc9utRE740RzMxjTkpJJxrzSROqTb3s7wccjhWvowHlA1hNccCMDhvzQHxeQ=="],

    "@typescript/native-preview-darwin-x64": ["@typescript/native-preview-darwin-x64@7.0.0-dev.20251216.1", "", { "os": "darwin", "cpu": "x64" }, "sha512-pm9+EOLIAD3qjoLKuaj7TLxw3MtYgSi5H0y3Zq2bTFsuFopxfMLhK84jBQUsRMTRd4SZK57voKvwzlqFvvEPvA=="],

    "@typescript/native-preview-linux-arm": ["@typescript/native-preview-linux-arm@7.0.0-dev.20251216.1", "", { "os": "linux", "cpu": "arm" }, "sha512-MPPWpviN5aNz8L/+jdL2c2u06jeb5rt9+Q04scfDCoOJn239jzGxWcAU+7RSYw2AO3KkhCcLj8EmZx/v340PFw=="],

    "@typescript/native-preview-linux-arm64": ["@typescript/native-preview-linux-arm64@7.0.0-dev.20251216.1", "", { "os": "linux", "cpu": "arm64" }, "sha512-0lziHrVHxjyQ/abwzDvlBspZu4MWg31GP9rLmbezjITYb5b6Fy6mbnukd9DHaIDaTZblgA8Oi/FyovBSzI6RMA=="],

    "@typescript/native-preview-linux-x64": ["@typescript/native-preview-linux-x64@7.0.0-dev.20251216.1", "", { "os": "linux", "cpu": "x64" }, "sha512-zm0ua1ED7oYGAtYAoYNFBOIHAMrARCGNX0wk7L6i6BvI96rScaZNAHxIatc/bXb3KucsbRV7DWZ/Orj/LDNxAA=="],

    "@typescript/native-preview-win32-arm64": ["@typescript/native-preview-win32-arm64@7.0.0-dev.20251216.1", "", { "os": "win32", "cpu": "arm64" }, "sha512-X8NTq7m1+AhVMq2yCflMFrr2yqeg8lGaSCygGa69FwAcxNTphh+4CloR/VQWoXddF+Xk5EU8vpevHPWs2rlDSQ=="],

    "@typescript/native-preview-win32-x64": ["@typescript/native-preview-win32-x64@7.0.0-dev.20251216.1", "", { "os": "win32", "cpu": "x64" }, "sha512-vS3B5uGtBjCy2qGjLZrV1+irycEvirnrW+twjANWQEteEAIOop/ODGYIuZsvMKA31vuWQ3G9TEWoG9LWb4Lsng=="],

    "oxlint": ["oxlint@1.33.0", "", { "optionalDependencies": { "@oxlint/darwin-arm64": "1.33.0", "@oxlint/darwin-x64": "1.33.0", "@oxlint/linux-arm64-gnu": "1.33.0", "@oxlint/linux-arm64-musl": "1.33.0", "@oxlint/linux-x64-gnu": "1.33.0", "@oxlint/linux-x64-musl": "1.33.0", "@oxlint/win32-arm64": "1.33.0", "@oxlint/win32-x64": "1.33.0" }, "peerDependencies": { "oxlint-tsgolint": ">=0.9.0" }, "optionalPeers": ["oxlint-tsgolint"], "bin": { "oxlint": "bin/oxlint", "oxc_language_server": "bin/oxc_language_server" } }, "sha512-4WCL0K8jiOshwJ8WrVk35VAuVaZHC0iX6asjKsrENOrynkAAGcTLLx0Urf0eXZ1Tq7r+qAe3Z9EyHMFPzVyUkg=="],
  }
}
